
Microsoft Visual Studio Solution File, Format Version 12.00
# Visual Studio 15
VisualStudioVersion = 15.0.28307.271
MinimumVisualStudioVersion = 10.0.40219.1
Project("{8BC9CEB8-8B4A-11D0-8D11-00A0C91BC942}") = "Project3", "Project3\Project3.vcxproj", "{53A81ABC-3DCD-4153-B998-3F25F3C6EB54}"
EndProject
Global
	GlobalSection(SolutionConfigurationPlatforms) = preSolution
		Debug|x64 = Debug|x64
		Debug|x86 = Debug|x86
		Release|x64 = Release|x64
		Release|x86 = Release|x86
	EndGlobalSection
	GlobalSection(ProjectConfigurationPlatforms) = postSolution
		{53A81ABC-3DCD-4153-B998-3F25F3C6EB54}.Debug|x64.ActiveCfg = Debug|x64
		{53A81ABC-3DCD-4153-B998-3F25F3C6EB54}.Debug|x64.Build.0 = Debug|x64
		{53A81ABC-3DCD-4153-B998-3F25F3C6EB54}.Debug|x86.ActiveCfg = Debug|Win32
		{53A81ABC-3DCD-4153-B998-3F25F3C6EB54}.Debug|x86.Build.0 = Debug|Win32
		{53A81ABC-3DCD-4153-B998-3F25F3C6EB54}.Release|x64.ActiveCfg = Release|x64
		{53A81ABC-3DCD-4153-B998-3F25F3C6EB54}.Release|x64.Build.0 = Release|x64
		{53A81ABC-3DCD-4153-B998-3F25F3C6EB54}.Release|x86.ActiveCfg = Release|Win32
		{53A81ABC-3DCD-4153-B998-3F25F3C6EB54}.Release|x86.Build.0 = Release|Win32
	EndGlobalSection
	GlobalSection(SolutionProperties) = preSolution
		HideSolutionNode = FALSE
	EndGlobalSection
	GlobalSection(ExtensibilityGlobals) = postSolution
		SolutionGuid = {26EAC3B9-3C47-4C21-8DE5-FE64E8CBFF8A}
	EndGlobalSection
EndGlobal
